
Microsoft Visual Studio Solution File, Format Version 12.00
# Visual Studio Version 16
VisualStudioVersion = 16.0.33328.57
MinimumVisualStudioVersion = 10.0.40219.1
Project("{FAE04EC0-301F-11D3-BF4B-00C04F79EFBC}") = "MvcCv", "MvcCv\MvcCv.csproj", "{55CA5B88-2C13-4E3F-B0EB-E894D2E17606}"
EndProject
Global
	GlobalSection(SolutionConfigurationPlatforms) = preSolution
		Debug|Any CPU = Debug|Any CPU
		Release|Any CPU = Release|Any CPU
	EndGlobalSection
	GlobalSection(ProjectConfigurationPlatforms) = postSolution
		{55CA5B88-2C13-4E3F-B0EB-E894D2E17606}.Debug|Any CPU.ActiveCfg = Debug|Any CPU
		{55CA5B88-2C13-4E3F-B0EB-E894D2E17606}.Debug|Any CPU.Build.0 = Debug|Any CPU
		{55CA5B88-2C13-4E3F-B0EB-E894D2E17606}.Release|Any CPU.ActiveCfg = Release|Any CPU
		{55CA5B88-2C13-4E3F-B0EB-E894D2E17606}.Release|Any CPU.Build.0 = Release|Any CPU
	EndGlobalSection
	GlobalSection(SolutionProperties) = preSolution
		HideSolutionNode = FALSE
	EndGlobalSection
	GlobalSection(ExtensibilityGlobals) = postSolution
		SolutionGuid = {8E1B2433-E2B4-43C3-8761-8D2004BC9579}
	EndGlobalSection
EndGlobal
